
Microsoft Visual Studio Solution File, Format Version 12.00
# Visual Studio Version 17
VisualStudioVersion = 17.1.32421.90
MinimumVisualStudioVersion = 10.0.40219.1
Project("{2150E333-8FDC-42A3-9474-1A3956D46DE8}") = "src", "src", "{D6C7EB69-541C-46FC-96BE-3C049425ADF7}"
EndProject
Project("{2150E333-8FDC-42A3-9474-1A3956D46DE8}") = "services", "services", "{C154BE03-6F0D-4E46-B987-7CDC5016294F}"
EndProject
Project("{2150E333-8FDC-42A3-9474-1A3956D46DE8}") = "gateway", "gateway", "{57D8125A-72BD-43DF-A235-9993A1AEA24C}"
EndProject
Project("{2150E333-8FDC-42A3-9474-1A3956D46DE8}") = "common", "common", "{4BBD3C12-22BD-4F1A-90AB-CBD993084943}"
EndProject
Project("{2150E333-8FDC-42A3-9474-1A3956D46DE8}") = "backend", "backend", "{C7BAA86B-BDE2-4DCB-92F3-422F385742E1}"
EndProject
Project("{2150E333-8FDC-42A3-9474-1A3956D46DE8}") = "frontend", "frontend", "{A36DE2B5-5A5F-4412-87FA-5477FD32D8F3}"
EndProject
Project("{2150E333-8FDC-42A3-9474-1A3956D46DE8}") = "apps", "apps", "{B4C724F5-6D3A-4EAA-9D3B-3C0F2354E90B}"
EndProject
Project("{2150E333-8FDC-42A3-9474-1A3956D46DE8}") = "gateway", "gateway", "{8E34BBC2-4403-4599-92FD-E25AB1992927}"
EndProject
Project("{2150E333-8FDC-42A3-9474-1A3956D46DE8}") = "common", "common", "{C1D681F9-502F-47CD-9903-A0573A22C6D5}"
EndProject
Project("{9A19103F-16F7-4668-BE54-9A1E7A4F7556}") = "Nova.SaaS.Admin.App", "src\frontend\Nova.SaaS.Admin.App\Nova.SaaS.Admin.App.csproj", "{1D874186-A8CE-4A64-A6BF-866546C69BAF}"
EndProject
Project("{9A19103F-16F7-4668-BE54-9A1E7A4F7556}") = "Nova.SaaS.App.Gateway", "src\frontend\Nova.SaaS.App.Gateway\Nova.SaaS.App.Gateway.csproj", "{FA5C55C6-CA45-43A3-A22B-7F8391A9E492}"
EndProject
Project("{9A19103F-16F7-4668-BE54-9A1E7A4F7556}") = "Nova.Api.Core", "src\backend\Nova.Api.Core\Nova.Api.Core.csproj", "{E4A8546B-F9EF-41C7-B62D-DE891771D9A6}"
EndProject
Project("{9A19103F-16F7-4668-BE54-9A1E7A4F7556}") = "Nova.SaaS.Api.Gateway", "src\backend\Nova.SaaS.Api.Gateway\Nova.SaaS.Api.Gateway.csproj", "{E69B6FF5-2E67-4685-9015-5B7FCF174B37}"
EndProject
Project("{9A19103F-16F7-4668-BE54-9A1E7A4F7556}") = "Nova.SaaS.Admin.Api", "src\backend\Nova.SaaS.Admin.Api\Nova.SaaS.Admin.Api.csproj", "{5AD00172-A4E2-4219-945D-8208276156F7}"
EndProject
Project("{E53339B2-1760-4266-BCC7-CA923CBCF16C}") = "docker-compose", "docker-compose.dcproj", "{439E178D-B6F8-4CDB-81F2-6C66FF164C84}"
EndProject
Project("{2150E333-8FDC-42A3-9474-1A3956D46DE8}") = "Solution Items", "Solution Items", "{2C57ACB1-8D54-4D58-B40A-8E68A67CF6EB}"
	ProjectSection(SolutionItems) = preProject
		.gitignore = .gitignore
	EndProjectSection
EndProject
Project("{FAE04EC0-301F-11D3-BF4B-00C04F79EFBC}") = "Nova.SaaS.Admin.Api.Tests", "src\backend\Nova.SaaS.Admin.Api.Tests\Nova.SaaS.Admin.Api.Tests.csproj", "{54680E05-31C0-4A89-A907-E9ED71B4D639}"
EndProject
Global
	GlobalSection(SolutionConfigurationPlatforms) = preSolution
		Debug|Any CPU = Debug|Any CPU
		Release|Any CPU = Release|Any CPU
	EndGlobalSection
	GlobalSection(ProjectConfigurationPlatforms) = postSolution
		{1D874186-A8CE-4A64-A6BF-866546C69BAF}.Debug|Any CPU.ActiveCfg = Debug|Any CPU
		{1D874186-A8CE-4A64-A6BF-866546C69BAF}.Debug|Any CPU.Build.0 = Debug|Any CPU
		{1D874186-A8CE-4A64-A6BF-866546C69BAF}.Release|Any CPU.ActiveCfg = Release|Any CPU
		{1D874186-A8CE-4A64-A6BF-866546C69BAF}.Release|Any CPU.Build.0 = Release|Any CPU
		{FA5C55C6-CA45-43A3-A22B-7F8391A9E492}.Debug|Any CPU.ActiveCfg = Debug|Any CPU
		{FA5C55C6-CA45-43A3-A22B-7F8391A9E492}.Debug|Any CPU.Build.0 = Debug|Any CPU
		{FA5C55C6-CA45-43A3-A22B-7F8391A9E492}.Release|Any CPU.ActiveCfg = Release|Any CPU
		{FA5C55C6-CA45-43A3-A22B-7F8391A9E492}.Release|Any CPU.Build.0 = Release|Any CPU
		{E4A8546B-F9EF-41C7-B62D-DE891771D9A6}.Debug|Any CPU.ActiveCfg = Debug|Any CPU
		{E4A8546B-F9EF-41C7-B62D-DE891771D9A6}.Debug|Any CPU.Build.0 = Debug|Any CPU
		{E4A8546B-F9EF-41C7-B62D-DE891771D9A6}.Release|Any CPU.ActiveCfg = Release|Any CPU
		{E4A8546B-F9EF-41C7-B62D-DE891771D9A6}.Release|Any CPU.Build.0 = Release|Any CPU
		{E69B6FF5-2E67-4685-9015-5B7FCF174B37}.Debug|Any CPU.ActiveCfg = Debug|Any CPU
		{E69B6FF5-2E67-4685-9015-5B7FCF174B37}.Debug|Any CPU.Build.0 = Debug|Any CPU
		{E69B6FF5-2E67-4685-9015-5B7FCF174B37}.Release|Any CPU.ActiveCfg = Release|Any CPU
		{E69B6FF5-2E67-4685-9015-5B7FCF174B37}.Release|Any CPU.Build.0 = Release|Any CPU
		{5AD00172-A4E2-4219-945D-8208276156F7}.Debug|Any CPU.ActiveCfg = Debug|Any CPU
		{5AD00172-A4E2-4219-945D-8208276156F7}.Debug|Any CPU.Build.0 = Debug|Any CPU
		{5AD00172-A4E2-4219-945D-8208276156F7}.Release|Any CPU.ActiveCfg = Release|Any CPU
		{5AD00172-A4E2-4219-945D-8208276156F7}.Release|Any CPU.Build.0 = Release|Any CPU
		{439E178D-B6F8-4CDB-81F2-6C66FF164C84}.Debug|Any CPU.ActiveCfg = Debug|Any CPU
		{439E178D-B6F8-4CDB-81F2-6C66FF164C84}.Debug|Any CPU.Build.0 = Debug|Any CPU
		{439E178D-B6F8-4CDB-81F2-6C66FF164C84}.Release|Any CPU.ActiveCfg = Release|Any CPU
		{439E178D-B6F8-4CDB-81F2-6C66FF164C84}.Release|Any CPU.Build.0 = Release|Any CPU
		{54680E05-31C0-4A89-A907-E9ED71B4D639}.Debug|Any CPU.ActiveCfg = Debug|Any CPU
		{54680E05-31C0-4A89-A907-E9ED71B4D639}.Debug|Any CPU.Build.0 = Debug|Any CPU
		{54680E05-31C0-4A89-A907-E9ED71B4D639}.Release|Any CPU.ActiveCfg = Release|Any CPU
		{54680E05-31C0-4A89-A907-E9ED71B4D639}.Release|Any CPU.Build.0 = Release|Any CPU
	EndGlobalSection
	GlobalSection(SolutionProperties) = preSolution
		HideSolutionNode = FALSE
	EndGlobalSection
	GlobalSection(NestedProjects) = preSolution
		{C154BE03-6F0D-4E46-B987-7CDC5016294F} = {C7BAA86B-BDE2-4DCB-92F3-422F385742E1}
		{57D8125A-72BD-43DF-A235-9993A1AEA24C} = {C7BAA86B-BDE2-4DCB-92F3-422F385742E1}
		{4BBD3C12-22BD-4F1A-90AB-CBD993084943} = {C7BAA86B-BDE2-4DCB-92F3-422F385742E1}
		{C7BAA86B-BDE2-4DCB-92F3-422F385742E1} = {D6C7EB69-541C-46FC-96BE-3C049425ADF7}
		{A36DE2B5-5A5F-4412-87FA-5477FD32D8F3} = {D6C7EB69-541C-46FC-96BE-3C049425ADF7}
		{B4C724F5-6D3A-4EAA-9D3B-3C0F2354E90B} = {A36DE2B5-5A5F-4412-87FA-5477FD32D8F3}
		{8E34BBC2-4403-4599-92FD-E25AB1992927} = {A36DE2B5-5A5F-4412-87FA-5477FD32D8F3}
		{C1D681F9-502F-47CD-9903-A0573A22C6D5} = {A36DE2B5-5A5F-4412-87FA-5477FD32D8F3}
		{1D874186-A8CE-4A64-A6BF-866546C69BAF} = {B4C724F5-6D3A-4EAA-9D3B-3C0F2354E90B}
		{FA5C55C6-CA45-43A3-A22B-7F8391A9E492} = {8E34BBC2-4403-4599-92FD-E25AB1992927}
		{E4A8546B-F9EF-41C7-B62D-DE891771D9A6} = {4BBD3C12-22BD-4F1A-90AB-CBD993084943}
		{E69B6FF5-2E67-4685-9015-5B7FCF174B37} = {57D8125A-72BD-43DF-A235-9993A1AEA24C}
		{5AD00172-A4E2-4219-945D-8208276156F7} = {C154BE03-6F0D-4E46-B987-7CDC5016294F}
		{54680E05-31C0-4A89-A907-E9ED71B4D639} = {C154BE03-6F0D-4E46-B987-7CDC5016294F}
	EndGlobalSection
	GlobalSection(ExtensibilityGlobals) = postSolution
		SolutionGuid = {99F1C28C-02CB-40AB-9915-903AD30385BF}
	EndGlobalSection
EndGlobal
